
Microsoft Visual Studio Solution File, Format Version 12.00
# Visual Studio Version 17
VisualStudioVersion = 17.10.34814.14
MinimumVisualStudioVersion = 10.0.40219.1
Project("{FAE04EC0-301F-11D3-BF4B-00C04F79EFBC}") = "StringLibrary1", "StringLibrary1\StringLibrary1.csproj", "{E2BD2930-6747-483F-A48F-4BF36B291594}"
EndProject
Project("{FAE04EC0-301F-11D3-BF4B-00C04F79EFBC}") = "TestRate", "TestRate\TestRate.csproj", "{BCA25202-488C-4247-B31B-B6B74E20FA30}"
EndProject
Global
	GlobalSection(SolutionConfigurationPlatforms) = preSolution
		Debug|Any CPU = Debug|Any CPU
		Release|Any CPU = Release|Any CPU
	EndGlobalSection
	GlobalSection(ProjectConfigurationPlatforms) = postSolution
		{E2BD2930-6747-483F-A48F-4BF36B291594}.Debug|Any CPU.ActiveCfg = Debug|Any CPU
		{E2BD2930-6747-483F-A48F-4BF36B291594}.Debug|Any CPU.Build.0 = Debug|Any CPU
		{E2BD2930-6747-483F-A48F-4BF36B291594}.Release|Any CPU.ActiveCfg = Release|Any CPU
		{E2BD2930-6747-483F-A48F-4BF36B291594}.Release|Any CPU.Build.0 = Release|Any CPU
		{BCA25202-488C-4247-B31B-B6B74E20FA30}.Debug|Any CPU.ActiveCfg = Debug|Any CPU
		{BCA25202-488C-4247-B31B-B6B74E20FA30}.Debug|Any CPU.Build.0 = Debug|Any CPU
		{BCA25202-488C-4247-B31B-B6B74E20FA30}.Release|Any CPU.ActiveCfg = Release|Any CPU
		{BCA25202-488C-4247-B31B-B6B74E20FA30}.Release|Any CPU.Build.0 = Release|Any CPU
	EndGlobalSection
	GlobalSection(SolutionProperties) = preSolution
		HideSolutionNode = FALSE
	EndGlobalSection
	GlobalSection(ExtensibilityGlobals) = postSolution
		SolutionGuid = {9ECD3C68-6B24-448E-9CB4-6613539BCB7F}
	EndGlobalSection
EndGlobal
